
Microsoft Visual Studio Solution File, Format Version 12.00
# Visual Studio 2013
VisualStudioVersion = 12.0.31101.0
MinimumVisualStudioVersion = 10.0.40219.1
Project("{FAE04EC0-301F-11D3-BF4B-00C04F79EFBC}") = "BlazeServer", "BlazeServer\BlazeServer.csproj", "{61F6DF5B-7C87-4ED1-99AE-F246430CE5CC}"
EndProject
Project("{FAE04EC0-301F-11D3-BF4B-00C04F79EFBC}") = "VeniceSnowroller", "VeniceSnowroller\VeniceSnowroller.csproj", "{3D4FB3A4-89FE-4BC9-B105-2C3DA9BCA28F}"
EndProject
Project("{FAE04EC0-301F-11D3-BF4B-00C04F79EFBC}") = "BlazeAPI", "BlazeAPI\BlazeAPI.csproj", "{F09F3291-BFEB-44C0-9BD2-DA10EBCD409E}"
EndProject
Project("{FAE04EC0-301F-11D3-BF4B-00C04F79EFBC}") = "BlazeClient", "BlazeClient\BlazeClient.csproj", "{97D2E556-545B-4E75-AD94-5A16713CA26E}"
EndProject
Global
	GlobalSection(SolutionConfigurationPlatforms) = preSolution
		Debug|Any CPU = Debug|Any CPU
		Debug|Mixed Platforms = Debug|Mixed Platforms
		Debug|Win32 = Debug|Win32
		Release|Any CPU = Release|Any CPU
		Release|Mixed Platforms = Release|Mixed Platforms
		Release|Win32 = Release|Win32
	EndGlobalSection
	GlobalSection(ProjectConfigurationPlatforms) = postSolution
		{61F6DF5B-7C87-4ED1-99AE-F246430CE5CC}.Debug|Any CPU.ActiveCfg = Debug|Any CPU
		{61F6DF5B-7C87-4ED1-99AE-F246430CE5CC}.Debug|Any CPU.Build.0 = Debug|Any CPU
		{61F6DF5B-7C87-4ED1-99AE-F246430CE5CC}.Debug|Mixed Platforms.ActiveCfg = Debug|Any CPU
		{61F6DF5B-7C87-4ED1-99AE-F246430CE5CC}.Debug|Mixed Platforms.Build.0 = Debug|Any CPU
		{61F6DF5B-7C87-4ED1-99AE-F246430CE5CC}.Debug|Win32.ActiveCfg = Debug|Any CPU
		{61F6DF5B-7C87-4ED1-99AE-F246430CE5CC}.Release|Any CPU.ActiveCfg = Release|Any CPU
		{61F6DF5B-7C87-4ED1-99AE-F246430CE5CC}.Release|Any CPU.Build.0 = Release|Any CPU
		{61F6DF5B-7C87-4ED1-99AE-F246430CE5CC}.Release|Mixed Platforms.ActiveCfg = Release|Any CPU
		{61F6DF5B-7C87-4ED1-99AE-F246430CE5CC}.Release|Mixed Platforms.Build.0 = Release|Any CPU
		{61F6DF5B-7C87-4ED1-99AE-F246430CE5CC}.Release|Win32.ActiveCfg = Release|Any CPU
		{3D4FB3A4-89FE-4BC9-B105-2C3DA9BCA28F}.Debug|Any CPU.ActiveCfg = Debug|Any CPU
		{3D4FB3A4-89FE-4BC9-B105-2C3DA9BCA28F}.Debug|Any CPU.Build.0 = Debug|Any CPU
		{3D4FB3A4-89FE-4BC9-B105-2C3DA9BCA28F}.Debug|Mixed Platforms.ActiveCfg = Debug|Any CPU
		{3D4FB3A4-89FE-4BC9-B105-2C3DA9BCA28F}.Debug|Mixed Platforms.Build.0 = Debug|Any CPU
		{3D4FB3A4-89FE-4BC9-B105-2C3DA9BCA28F}.Debug|Win32.ActiveCfg = Debug|Any CPU
		{3D4FB3A4-89FE-4BC9-B105-2C3DA9BCA28F}.Release|Any CPU.ActiveCfg = Release|Any CPU
		{3D4FB3A4-89FE-4BC9-B105-2C3DA9BCA28F}.Release|Any CPU.Build.0 = Release|Any CPU
		{3D4FB3A4-89FE-4BC9-B105-2C3DA9BCA28F}.Release|Mixed Platforms.ActiveCfg = Release|Any CPU
		{3D4FB3A4-89FE-4BC9-B105-2C3DA9BCA28F}.Release|Mixed Platforms.Build.0 = Release|Any CPU
		{3D4FB3A4-89FE-4BC9-B105-2C3DA9BCA28F}.Release|Win32.ActiveCfg = Release|Any CPU
		{F09F3291-BFEB-44C0-9BD2-DA10EBCD409E}.Debug|Any CPU.ActiveCfg = Debug|Any CPU
		{F09F3291-BFEB-44C0-9BD2-DA10EBCD409E}.Debug|Any CPU.Build.0 = Debug|Any CPU
		{F09F3291-BFEB-44C0-9BD2-DA10EBCD409E}.Debug|Mixed Platforms.ActiveCfg = Debug|Any CPU
		{F09F3291-BFEB-44C0-9BD2-DA10EBCD409E}.Debug|Mixed Platforms.Build.0 = Debug|Any CPU
		{F09F3291-BFEB-44C0-9BD2-DA10EBCD409E}.Debug|Win32.ActiveCfg = Debug|Any CPU
		{F09F3291-BFEB-44C0-9BD2-DA10EBCD409E}.Release|Any CPU.ActiveCfg = Release|Any CPU
		{F09F3291-BFEB-44C0-9BD2-DA10EBCD409E}.Release|Any CPU.Build.0 = Release|Any CPU
		{F09F3291-BFEB-44C0-9BD2-DA10EBCD409E}.Release|Mixed Platforms.ActiveCfg = Release|Any CPU
		{F09F3291-BFEB-44C0-9BD2-DA10EBCD409E}.Release|Mixed Platforms.Build.0 = Release|Any CPU
		{F09F3291-BFEB-44C0-9BD2-DA10EBCD409E}.Release|Win32.ActiveCfg = Release|Any CPU
		{97D2E556-545B-4E75-AD94-5A16713CA26E}.Debug|Any CPU.ActiveCfg = Debug|Any CPU
		{97D2E556-545B-4E75-AD94-5A16713CA26E}.Debug|Any CPU.Build.0 = Debug|Any CPU
		{97D2E556-545B-4E75-AD94-5A16713CA26E}.Debug|Mixed Platforms.ActiveCfg = Debug|Any CPU
		{97D2E556-545B-4E75-AD94-5A16713CA26E}.Debug|Mixed Platforms.Build.0 = Debug|Any CPU
		{97D2E556-545B-4E75-AD94-5A16713CA26E}.Debug|Win32.ActiveCfg = Debug|Any CPU
		{97D2E556-545B-4E75-AD94-5A16713CA26E}.Release|Any CPU.ActiveCfg = Release|Any CPU
		{97D2E556-545B-4E75-AD94-5A16713CA26E}.Release|Any CPU.Build.0 = Release|Any CPU
		{97D2E556-545B-4E75-AD94-5A16713CA26E}.Release|Mixed Platforms.ActiveCfg = Release|Any CPU
		{97D2E556-545B-4E75-AD94-5A16713CA26E}.Release|Mixed Platforms.Build.0 = Release|Any CPU
		{97D2E556-545B-4E75-AD94-5A16713CA26E}.Release|Win32.ActiveCfg = Release|Any CPU
	EndGlobalSection
	GlobalSection(SolutionProperties) = preSolution
		HideSolutionNode = FALSE
	EndGlobalSection
EndGlobal
